
Microsoft Visual Studio Solution File, Format Version 12.00
# Visual Studio Version 17
VisualStudioVersion = 17.10.35013.160
MinimumVisualStudioVersion = 10.0.40219.1
Project("{FAE04EC0-301F-11D3-BF4B-00C04F79EFBC}") = "Middleware", "Middleware\Middleware.csproj", "{79D57A08-D7C6-425B-9F1B-05D556897E3E}"
EndProject
Global
	GlobalSection(SolutionConfigurationPlatforms) = preSolution
		Debug|Any CPU = Debug|Any CPU
		Release|Any CPU = Release|Any CPU
	EndGlobalSection
	GlobalSection(ProjectConfigurationPlatforms) = postSolution
		{79D57A08-D7C6-425B-9F1B-05D556897E3E}.Debug|Any CPU.ActiveCfg = Debug|Any CPU
		{79D57A08-D7C6-425B-9F1B-05D556897E3E}.Debug|Any CPU.Build.0 = Debug|Any CPU
		{79D57A08-D7C6-425B-9F1B-05D556897E3E}.Release|Any CPU.ActiveCfg = Release|Any CPU
		{79D57A08-D7C6-425B-9F1B-05D556897E3E}.Release|Any CPU.Build.0 = Release|Any CPU
	EndGlobalSection
	GlobalSection(SolutionProperties) = preSolution
		HideSolutionNode = FALSE
	EndGlobalSection
	GlobalSection(ExtensibilityGlobals) = postSolution
		SolutionGuid = {40898D9A-6F68-407F-B0AC-3766E97CC386}
	EndGlobalSection
EndGlobal
