
Microsoft Visual Studio Solution File, Format Version 12.00
# Visual Studio Version 17
VisualStudioVersion = 17.10.35013.160
MinimumVisualStudioVersion = 10.0.40219.1
Project("{FAE04EC0-301F-11D3-BF4B-00C04F79EFBC}") = "RestfulAPI", "RestfulAPI\RestfulAPI.csproj", "{27F59932-9735-4C58-8A23-64D74C499F02}"
EndProject
Global
	GlobalSection(SolutionConfigurationPlatforms) = preSolution
		Debug|Any CPU = Debug|Any CPU
		Release|Any CPU = Release|Any CPU
	EndGlobalSection
	GlobalSection(ProjectConfigurationPlatforms) = postSolution
		{27F59932-9735-4C58-8A23-64D74C499F02}.Debug|Any CPU.ActiveCfg = Debug|Any CPU
		{27F59932-9735-4C58-8A23-64D74C499F02}.Debug|Any CPU.Build.0 = Debug|Any CPU
		{27F59932-9735-4C58-8A23-64D74C499F02}.Release|Any CPU.ActiveCfg = Release|Any CPU
		{27F59932-9735-4C58-8A23-64D74C499F02}.Release|Any CPU.Build.0 = Release|Any CPU
	EndGlobalSection
	GlobalSection(SolutionProperties) = preSolution
		HideSolutionNode = FALSE
	EndGlobalSection
	GlobalSection(ExtensibilityGlobals) = postSolution
		SolutionGuid = {8AE810FE-EF93-47B4-A012-9E9204636A06}
	EndGlobalSection
EndGlobal
