
Microsoft Visual Studio Solution File, Format Version 12.00
# Visual Studio Version 17
VisualStudioVersion = 17.10.35013.160
MinimumVisualStudioVersion = 10.0.40219.1
Project("{FAE04EC0-301F-11D3-BF4B-00C04F79EFBC}") = "Routing", "Routing\Routing.csproj", "{4E683DCA-8EDA-4B88-9EE3-7A78CCC35371}"
EndProject
Global
	GlobalSection(SolutionConfigurationPlatforms) = preSolution
		Debug|Any CPU = Debug|Any CPU
		Release|Any CPU = Release|Any CPU
	EndGlobalSection
	GlobalSection(ProjectConfigurationPlatforms) = postSolution
		{4E683DCA-8EDA-4B88-9EE3-7A78CCC35371}.Debug|Any CPU.ActiveCfg = Debug|Any CPU
		{4E683DCA-8EDA-4B88-9EE3-7A78CCC35371}.Debug|Any CPU.Build.0 = Debug|Any CPU
		{4E683DCA-8EDA-4B88-9EE3-7A78CCC35371}.Release|Any CPU.ActiveCfg = Release|Any CPU
		{4E683DCA-8EDA-4B88-9EE3-7A78CCC35371}.Release|Any CPU.Build.0 = Release|Any CPU
	EndGlobalSection
	GlobalSection(SolutionProperties) = preSolution
		HideSolutionNode = FALSE
	EndGlobalSection
	GlobalSection(ExtensibilityGlobals) = postSolution
		SolutionGuid = {B7EBD0DF-840B-4826-861D-C0136EC1F1F9}
	EndGlobalSection
EndGlobal
